
Microsoft Visual Studio Solution File, Format Version 12.00
# Visual Studio Version 17
VisualStudioVersion = 17.6.33801.468
MinimumVisualStudioVersion = 10.0.40219.1
Project("{FAE04EC0-301F-11D3-BF4B-00C04F79EFBC}") = "Wizner_cipher", "Wizner_cipher\Wizner_cipher.csproj", "{6AD431A8-5CD6-4913-BA06-4CF23E3799DD}"
EndProject
Global
	GlobalSection(SolutionConfigurationPlatforms) = preSolution
		Debug|Any CPU = Debug|Any CPU
		Release|Any CPU = Release|Any CPU
	EndGlobalSection
	GlobalSection(ProjectConfigurationPlatforms) = postSolution
		{6AD431A8-5CD6-4913-BA06-4CF23E3799DD}.Debug|Any CPU.ActiveCfg = Debug|Any CPU
		{6AD431A8-5CD6-4913-BA06-4CF23E3799DD}.Debug|Any CPU.Build.0 = Debug|Any CPU
		{6AD431A8-5CD6-4913-BA06-4CF23E3799DD}.Release|Any CPU.ActiveCfg = Release|Any CPU
		{6AD431A8-5CD6-4913-BA06-4CF23E3799DD}.Release|Any CPU.Build.0 = Release|Any CPU
	EndGlobalSection
	GlobalSection(SolutionProperties) = preSolution
		HideSolutionNode = FALSE
	EndGlobalSection
	GlobalSection(ExtensibilityGlobals) = postSolution
		SolutionGuid = {F386DEDA-AD29-438F-9985-D535CE72D1E0}
	EndGlobalSection
EndGlobal
